Microsoft Visual Studio Solution File, Format Version 12.00
# Visual Studio Express 2012 for Windows Desktop
Project("{8BC9CEB8-8B4A-11D0-8D11-00A0C91BC942}") = "Demo_Lib", "Demo_Lib.vcxproj", "{3F6297BB-5190-4B24-87E5-198CB2F135F4}"
EndProject
Global
	GlobalSection(SolutionConfigurationPlatforms) = preSolution
		Debug X64|x64 = Debug X64|x64
		Release X64|x64 = Release X64|x64
	EndGlobalSection
	GlobalSection(ProjectConfigurationPlatforms) = postSolution
		{3F6297BB-5190-4B24-87E5-198CB2F135F4}.Debug X64|x64.ActiveCfg = Debug X64|x64
		{3F6297BB-5190-4B24-87E5-198CB2F135F4}.Debug X64|x64.Build.0 = Debug X64|x64
		{3F6297BB-5190-4B24-87E5-198CB2F135F4}.Release X64|x64.ActiveCfg = Release X64|x64
		{3F6297BB-5190-4B24-87E5-198CB2F135F4}.Release X64|x64.Build.0 = Release X64|x64
	EndGlobalSection
	GlobalSection(SolutionProperties) = preSolution
		HideSolutionNode = FALSE
	EndGlobalSection
EndGlobal
